
Microsoft Visual Studio Solution File, Format Version 12.00
# Visual Studio Version 17
VisualStudioVersion = 17.0.31903.59
MinimumVisualStudioVersion = 10.0.40219.1
Project("{FAE04EC0-301F-11D3-BF4B-00C04F79EFBC}") = "Goose2ClientGodot", "Goose2ClientGodot.csproj", "{0B3F9448-53A6-4D7D-8CAC-493FA168A852}"
EndProject
Project("{2150E333-8FDC-42A3-9474-1A3956D46DE8}") = "src", "src", "{827E0CD3-B72D-47B6-A68D-7590B98EB39B}"
EndProject
Project("{FAE04EC0-301F-11D3-BF4B-00C04F79EFBC}") = "MapEditor.Core", "src\MapEditor.Core\MapEditor.Core.csproj", "{82BAA4BF-118D-4623-A6B8-683D29CC57B0}"
EndProject
Project("{2150E333-8FDC-42A3-9474-1A3956D46DE8}") = "tests", "tests", "{0AB3BF05-4346-4AA6-1389-037BE0695223}"
EndProject
Project("{FAE04EC0-301F-11D3-BF4B-00C04F79EFBC}") = "MapEditor.Core.Tests", "tests\MapEditor.Core.Tests\MapEditor.Core.Tests.csproj", "{EDB8E84C-2F5C-4FCB-9BF9-ED4B8447D9AA}"
EndProject
Project("{FAE04EC0-301F-11D3-BF4B-00C04F79EFBC}") = "Goose2Client.Tests", "tests\Goose2Client.Tests\Goose2Client.Tests.csproj", "{8AE2D950-AB38-4EDE-9834-9DA3C36B9249}"
EndProject
Project("{FAE04EC0-301F-11D3-BF4B-00C04F79EFBC}") = "MapEditor.Rendering", "src\MapEditor.Rendering\MapEditor.Rendering.csproj", "{29FDAA12-642A-4DBE-9268-123852B4FCBC}"
EndProject
Project("{FAE04EC0-301F-11D3-BF4B-00C04F79EFBC}") = "MapEditor.Rendering.Tests", "tests\MapEditor.Rendering.Tests\MapEditor.Rendering.Tests.csproj", "{1A76E3B2-5DDC-4282-A9F1-D7835E35A06B}"
EndProject
Project("{FAE04EC0-301F-11D3-BF4B-00C04F79EFBC}") = "MapEditor.App", "src\MapEditor.App\MapEditor.App.csproj", "{5C2DD868-6349-4156-A8D4-0E533C6A1C02}"
EndProject
Project("{FAE04EC0-301F-11D3-BF4B-00C04F79EFBC}") = "MapEditor.App.Tests", "tests\MapEditor.App.Tests\MapEditor.App.Tests.csproj", "{0A170C95-38A5-43A1-A429-CA4B04E3B69A}"
EndProject
Project("{FAE04EC0-301F-11D3-BF4B-00C04F79EFBC}") = "MapEditor.GameData", "src\MapEditor.GameData\MapEditor.GameData.csproj", "{339B258C-F035-47C3-9A2A-C2B691322874}"
EndProject
Project("{FAE04EC0-301F-11D3-BF4B-00C04F79EFBC}") = "MapEditor.GameData.Tests", "tests\MapEditor.GameData.Tests\MapEditor.GameData.Tests.csproj", "{6FA52180-FA8A-4308-8CD8-0AAF8C402CAF}"
EndProject
Project("{FAE04EC0-301F-11D3-BF4B-00C04F79EFBC}") = "MapEditor.GameData.Google", "src\MapEditor.GameData.Google\MapEditor.GameData.Google.csproj", "{DEAB3905-5211-461A-9DC8-28C7D1620041}"
EndProject
Project("{FAE04EC0-301F-11D3-BF4B-00C04F79EFBC}") = "MapEditor.GameData.Google.Tests", "tests\MapEditor.GameData.Google.Tests\MapEditor.GameData.Google.Tests.csproj", "{F0418929-7BBA-400E-A38B-D7F5713A8347}"
EndProject
Global
	GlobalSection(SolutionConfigurationPlatforms) = preSolution
		Debug|Any CPU = Debug|Any CPU
		Debug|x64 = Debug|x64
		Debug|x86 = Debug|x86
		Release|Any CPU = Release|Any CPU
		Release|x64 = Release|x64
		Release|x86 = Release|x86
	EndGlobalSection
	GlobalSection(ProjectConfigurationPlatforms) = postSolution
		{0B3F9448-53A6-4D7D-8CAC-493FA168A852}.Debug|Any CPU.ActiveCfg = Debug|Any CPU
		{0B3F9448-53A6-4D7D-8CAC-493FA168A852}.Debug|Any CPU.Build.0 = Debug|Any CPU
		{0B3F9448-53A6-4D7D-8CAC-493FA168A852}.Debug|x64.ActiveCfg = Debug|Any CPU
		{0B3F9448-53A6-4D7D-8CAC-493FA168A852}.Debug|x64.Build.0 = Debug|Any CPU
		{0B3F9448-53A6-4D7D-8CAC-493FA168A852}.Debug|x86.ActiveCfg = Debug|Any CPU
		{0B3F9448-53A6-4D7D-8CAC-493FA168A852}.Debug|x86.Build.0 = Debug|Any CPU
		{0B3F9448-53A6-4D7D-8CAC-493FA168A852}.Release|Any CPU.ActiveCfg = Release|Any CPU
		{0B3F9448-53A6-4D7D-8CAC-493FA168A852}.Release|Any CPU.Build.0 = Release|Any CPU
		{0B3F9448-53A6-4D7D-8CAC-493FA168A852}.Release|x64.ActiveCfg = Release|Any CPU
		{0B3F9448-53A6-4D7D-8CAC-493FA168A852}.Release|x64.Build.0 = Release|Any CPU
		{0B3F9448-53A6-4D7D-8CAC-493FA168A852}.Release|x86.ActiveCfg = Release|Any CPU
		{0B3F9448-53A6-4D7D-8CAC-493FA168A852}.Release|x86.Build.0 = Release|Any CPU
		{82BAA4BF-118D-4623-A6B8-683D29CC57B0}.Debug|Any CPU.ActiveCfg = Debug|Any CPU
		{82BAA4BF-118D-4623-A6B8-683D29CC57B0}.Debug|Any CPU.Build.0 = Debug|Any CPU
		{82BAA4BF-118D-4623-A6B8-683D29CC57B0}.Debug|x64.ActiveCfg = Debug|Any CPU
		{82BAA4BF-118D-4623-A6B8-683D29CC57B0}.Debug|x64.Build.0 = Debug|Any CPU
		{82BAA4BF-118D-4623-A6B8-683D29CC57B0}.Debug|x86.ActiveCfg = Debug|Any CPU
		{82BAA4BF-118D-4623-A6B8-683D29CC57B0}.Debug|x86.Build.0 = Debug|Any CPU
		{82BAA4BF-118D-4623-A6B8-683D29CC57B0}.Release|Any CPU.ActiveCfg = Release|Any CPU
		{82BAA4BF-118D-4623-A6B8-683D29CC57B0}.Release|Any CPU.Build.0 = Release|Any CPU
		{82BAA4BF-118D-4623-A6B8-683D29CC57B0}.Release|x64.ActiveCfg = Release|Any CPU
		{82BAA4BF-118D-4623-A6B8-683D29CC57B0}.Release|x64.Build.0 = Release|Any CPU
		{82BAA4BF-118D-4623-A6B8-683D29CC57B0}.Release|x86.ActiveCfg = Release|Any CPU
		{82BAA4BF-118D-4623-A6B8-683D29CC57B0}.Release|x86.Build.0 = Release|Any CPU
		{EDB8E84C-2F5C-4FCB-9BF9-ED4B8447D9AA}.Debug|Any CPU.ActiveCfg = Debug|Any CPU
		{EDB8E84C-2F5C-4FCB-9BF9-ED4B8447D9AA}.Debug|Any CPU.Build.0 = Debug|Any CPU
		{EDB8E84C-2F5C-4FCB-9BF9-ED4B8447D9AA}.Debug|x64.ActiveCfg = Debug|Any CPU
		{EDB8E84C-2F5C-4FCB-9BF9-ED4B8447D9AA}.Debug|x64.Build.0 = Debug|Any CPU
		{EDB8E84C-2F5C-4FCB-9BF9-ED4B8447D9AA}.Debug|x86.ActiveCfg = Debug|Any CPU
		{EDB8E84C-2F5C-4FCB-9BF9-ED4B8447D9AA}.Debug|x86.Build.0 = Debug|Any CPU
		{EDB8E84C-2F5C-4FCB-9BF9-ED4B8447D9AA}.Release|Any CPU.ActiveCfg = Release|Any CPU
		{EDB8E84C-2F5C-4FCB-9BF9-ED4B8447D9AA}.Release|Any CPU.Build.0 = Release|Any CPU
		{EDB8E84C-2F5C-4FCB-9BF9-ED4B8447D9AA}.Release|x64.ActiveCfg = Release|Any CPU
		{EDB8E84C-2F5C-4FCB-9BF9-ED4B8447D9AA}.Release|x64.Build.0 = Release|Any CPU
		{EDB8E84C-2F5C-4FCB-9BF9-ED4B8447D9AA}.Release|x86.ActiveCfg = Release|Any CPU
		{EDB8E84C-2F5C-4FCB-9BF9-ED4B8447D9AA}.Release|x86.Build.0 = Release|Any CPU
		{8AE2D950-AB38-4EDE-9834-9DA3C36B9249}.Debug|Any CPU.ActiveCfg = Debug|Any CPU
		{8AE2D950-AB38-4EDE-9834-9DA3C36B9249}.Debug|Any CPU.Build.0 = Debug|Any CPU
		{8AE2D950-AB38-4EDE-9834-9DA3C36B9249}.Debug|x64.ActiveCfg = Debug|Any CPU
		{8AE2D950-AB38-4EDE-9834-9DA3C36B9249}.Debug|x64.Build.0 = Debug|Any CPU
		{8AE2D950-AB38-4EDE-9834-9DA3C36B9249}.Debug|x86.ActiveCfg = Debug|Any CPU
		{8AE2D950-AB38-4EDE-9834-9DA3C36B9249}.Debug|x86.Build.0 = Debug|Any CPU
		{8AE2D950-AB38-4EDE-9834-9DA3C36B9249}.Release|Any CPU.ActiveCfg = Release|Any CPU
		{8AE2D950-AB38-4EDE-9834-9DA3C36B9249}.Release|Any CPU.Build.0 = Release|Any CPU
		{8AE2D950-AB38-4EDE-9834-9DA3C36B9249}.Release|x64.ActiveCfg = Release|Any CPU
		{8AE2D950-AB38-4EDE-9834-9DA3C36B9249}.Release|x64.Build.0 = Release|Any CPU
		{8AE2D950-AB38-4EDE-9834-9DA3C36B9249}.Release|x86.ActiveCfg = Release|Any CPU
		{8AE2D950-AB38-4EDE-9834-9DA3C36B9249}.Release|x86.Build.0 = Release|Any CPU
		{29FDAA12-642A-4DBE-9268-123852B4FCBC}.Debug|Any CPU.ActiveCfg = Debug|Any CPU
		{29FDAA12-642A-4DBE-9268-123852B4FCBC}.Debug|Any CPU.Build.0 = Debug|Any CPU
		{29FDAA12-642A-4DBE-9268-123852B4FCBC}.Debug|x64.ActiveCfg = Debug|Any CPU
		{29FDAA12-642A-4DBE-9268-123852B4FCBC}.Debug|x64.Build.0 = Debug|Any CPU
		{29FDAA12-642A-4DBE-9268-123852B4FCBC}.Debug|x86.ActiveCfg = Debug|Any CPU
		{29FDAA12-642A-4DBE-9268-123852B4FCBC}.Debug|x86.Build.0 = Debug|Any CPU
		{29FDAA12-642A-4DBE-9268-123852B4FCBC}.Release|Any CPU.ActiveCfg = Release|Any CPU
		{29FDAA12-642A-4DBE-9268-123852B4FCBC}.Release|Any CPU.Build.0 = Release|Any CPU
		{29FDAA12-642A-4DBE-9268-123852B4FCBC}.Release|x64.ActiveCfg = Release|Any CPU
		{29FDAA12-642A-4DBE-9268-123852B4FCBC}.Release|x64.Build.0 = Release|Any CPU
		{29FDAA12-642A-4DBE-9268-123852B4FCBC}.Release|x86.ActiveCfg = Release|Any CPU
		{29FDAA12-642A-4DBE-9268-123852B4FCBC}.Release|x86.Build.0 = Release|Any CPU
		{1A76E3B2-5DDC-4282-A9F1-D7835E35A06B}.Debug|Any CPU.ActiveCfg = Debug|Any CPU
		{1A76E3B2-5DDC-4282-A9F1-D7835E35A06B}.Debug|Any CPU.Build.0 = Debug|Any CPU
		{1A76E3B2-5DDC-4282-A9F1-D7835E35A06B}.Debug|x64.ActiveCfg = Debug|Any CPU
		{1A76E3B2-5DDC-4282-A9F1-D7835E35A06B}.Debug|x64.Build.0 = Debug|Any CPU
		{1A76E3B2-5DDC-4282-A9F1-D7835E35A06B}.Debug|x86.ActiveCfg = Debug|Any CPU
		{1A76E3B2-5DDC-4282-A9F1-D7835E35A06B}.Debug|x86.Build.0 = Debug|Any CPU
		{1A76E3B2-5DDC-4282-A9F1-D7835E35A06B}.Release|Any CPU.ActiveCfg = Release|Any CPU
		{1A76E3B2-5DDC-4282-A9F1-D7835E35A06B}.Release|Any CPU.Build.0 = Release|Any CPU
		{1A76E3B2-5DDC-4282-A9F1-D7835E35A06B}.Release|x64.ActiveCfg = Release|Any CPU
		{1A76E3B2-5DDC-4282-A9F1-D7835E35A06B}.Release|x64.Build.0 = Release|Any CPU
		{1A76E3B2-5DDC-4282-A9F1-D7835E35A06B}.Release|x86.ActiveCfg = Release|Any CPU
		{1A76E3B2-5DDC-4282-A9F1-D7835E35A06B}.Release|x86.Build.0 = Release|Any CPU
		{5C2DD868-6349-4156-A8D4-0E533C6A1C02}.Debug|Any CPU.ActiveCfg = Debug|Any CPU
		{5C2DD868-6349-4156-A8D4-0E533C6A1C02}.Debug|Any CPU.Build.0 = Debug|Any CPU
		{5C2DD868-6349-4156-A8D4-0E533C6A1C02}.Debug|x64.ActiveCfg = Debug|Any CPU
		{5C2DD868-6349-4156-A8D4-0E533C6A1C02}.Debug|x64.Build.0 = Debug|Any CPU
		{5C2DD868-6349-4156-A8D4-0E533C6A1C02}.Debug|x86.ActiveCfg = Debug|Any CPU
		{5C2DD868-6349-4156-A8D4-0E533C6A1C02}.Debug|x86.Build.0 = Debug|Any CPU
		{5C2DD868-6349-4156-A8D4-0E533C6A1C02}.Release|Any CPU.ActiveCfg = Release|Any CPU
		{5C2DD868-6349-4156-A8D4-0E533C6A1C02}.Release|Any CPU.Build.0 = Release|Any CPU
		{5C2DD868-6349-4156-A8D4-0E533C6A1C02}.Release|x64.ActiveCfg = Release|Any CPU
		{5C2DD868-6349-4156-A8D4-0E533C6A1C02}.Release|x64.Build.0 = Release|Any CPU
		{5C2DD868-6349-4156-A8D4-0E533C6A1C02}.Release|x86.ActiveCfg = Release|Any CPU
		{5C2DD868-6349-4156-A8D4-0E533C6A1C02}.Release|x86.Build.0 = Release|Any CPU
		{0A170C95-38A5-43A1-A429-CA4B04E3B69A}.Debug|Any CPU.ActiveCfg = Debug|Any CPU
		{0A170C95-38A5-43A1-A429-CA4B04E3B69A}.Debug|Any CPU.Build.0 = Debug|Any CPU
		{0A170C95-38A5-43A1-A429-CA4B04E3B69A}.Debug|x64.ActiveCfg = Debug|Any CPU
		{0A170C95-38A5-43A1-A429-CA4B04E3B69A}.Debug|x64.Build.0 = Debug|Any CPU
		{0A170C95-38A5-43A1-A429-CA4B04E3B69A}.Debug|x86.ActiveCfg = Debug|Any CPU
		{0A170C95-38A5-43A1-A429-CA4B04E3B69A}.Debug|x86.Build.0 = Debug|Any CPU
		{0A170C95-38A5-43A1-A429-CA4B04E3B69A}.Release|Any CPU.ActiveCfg = Release|Any CPU
		{0A170C95-38A5-43A1-A429-CA4B04E3B69A}.Release|Any CPU.Build.0 = Release|Any CPU
		{0A170C95-38A5-43A1-A429-CA4B04E3B69A}.Release|x64.ActiveCfg = Release|Any CPU
		{0A170C95-38A5-43A1-A429-CA4B04E3B69A}.Release|x64.Build.0 = Release|Any CPU
		{0A170C95-38A5-43A1-A429-CA4B04E3B69A}.Release|x86.ActiveCfg = Release|Any CPU
		{0A170C95-38A5-43A1-A429-CA4B04E3B69A}.Release|x86.Build.0 = Release|Any CPU
		{339B258C-F035-47C3-9A2A-C2B691322874}.Debug|Any CPU.ActiveCfg = Debug|Any CPU
		{339B258C-F035-47C3-9A2A-C2B691322874}.Debug|Any CPU.Build.0 = Debug|Any CPU
		{339B258C-F035-47C3-9A2A-C2B691322874}.Debug|x64.ActiveCfg = Debug|Any CPU
		{339B258C-F035-47C3-9A2A-C2B691322874}.Debug|x64.Build.0 = Debug|Any CPU
		{339B258C-F035-47C3-9A2A-C2B691322874}.Debug|x86.ActiveCfg = Debug|Any CPU
		{339B258C-F035-47C3-9A2A-C2B691322874}.Debug|x86.Build.0 = Debug|Any CPU
		{339B258C-F035-47C3-9A2A-C2B691322874}.Release|Any CPU.ActiveCfg = Release|Any CPU
		{339B258C-F035-47C3-9A2A-C2B691322874}.Release|Any CPU.Build.0 = Release|Any CPU
		{339B258C-F035-47C3-9A2A-C2B691322874}.Release|x64.ActiveCfg = Release|Any CPU
		{339B258C-F035-47C3-9A2A-C2B691322874}.Release|x64.Build.0 = Release|Any CPU
		{339B258C-F035-47C3-9A2A-C2B691322874}.Release|x86.ActiveCfg = Release|Any CPU
		{339B258C-F035-47C3-9A2A-C2B691322874}.Release|x86.Build.0 = Release|Any CPU
		{6FA52180-FA8A-4308-8CD8-0AAF8C402CAF}.Debug|Any CPU.ActiveCfg = Debug|Any CPU
		{6FA52180-FA8A-4308-8CD8-0AAF8C402CAF}.Debug|Any CPU.Build.0 = Debug|Any CPU
		{6FA52180-FA8A-4308-8CD8-0AAF8C402CAF}.Debug|x64.ActiveCfg = Debug|Any CPU
		{6FA52180-FA8A-4308-8CD8-0AAF8C402CAF}.Debug|x64.Build.0 = Debug|Any CPU
		{6FA52180-FA8A-4308-8CD8-0AAF8C402CAF}.Debug|x86.ActiveCfg = Debug|Any CPU
		{6FA52180-FA8A-4308-8CD8-0AAF8C402CAF}.Debug|x86.Build.0 = Debug|Any CPU
		{6FA52180-FA8A-4308-8CD8-0AAF8C402CAF}.Release|Any CPU.ActiveCfg = Release|Any CPU
		{6FA52180-FA8A-4308-8CD8-0AAF8C402CAF}.Release|Any CPU.Build.0 = Release|Any CPU
		{6FA52180-FA8A-4308-8CD8-0AAF8C402CAF}.Release|x64.ActiveCfg = Release|Any CPU
		{6FA52180-FA8A-4308-8CD8-0AAF8C402CAF}.Release|x64.Build.0 = Release|Any CPU
		{6FA52180-FA8A-4308-8CD8-0AAF8C402CAF}.Release|x86.ActiveCfg = Release|Any CPU
		{6FA52180-FA8A-4308-8CD8-0AAF8C402CAF}.Release|x86.Build.0 = Release|Any CPU
		{DEAB3905-5211-461A-9DC8-28C7D1620041}.Debug|Any CPU.ActiveCfg = Debug|Any CPU
		{DEAB3905-5211-461A-9DC8-28C7D1620041}.Debug|Any CPU.Build.0 = Debug|Any CPU
		{DEAB3905-5211-461A-9DC8-28C7D1620041}.Debug|x64.ActiveCfg = Debug|Any CPU
		{DEAB3905-5211-461A-9DC8-28C7D1620041}.Debug|x64.Build.0 = Debug|Any CPU
		{DEAB3905-5211-461A-9DC8-28C7D1620041}.Debug|x86.ActiveCfg = Debug|Any CPU
		{DEAB3905-5211-461A-9DC8-28C7D1620041}.Debug|x86.Build.0 = Debug|Any CPU
		{DEAB3905-5211-461A-9DC8-28C7D1620041}.Release|Any CPU.ActiveCfg = Release|Any CPU
		{DEAB3905-5211-461A-9DC8-28C7D1620041}.Release|Any CPU.Build.0 = Release|Any CPU
		{DEAB3905-5211-461A-9DC8-28C7D1620041}.Release|x64.ActiveCfg = Release|Any CPU
		{DEAB3905-5211-461A-9DC8-28C7D1620041}.Release|x64.Build.0 = Release|Any CPU
		{DEAB3905-5211-461A-9DC8-28C7D1620041}.Release|x86.ActiveCfg = Release|Any CPU
		{DEAB3905-5211-461A-9DC8-28C7D1620041}.Release|x86.Build.0 = Release|Any CPU
		{F0418929-7BBA-400E-A38B-D7F5713A8347}.Debug|Any CPU.ActiveCfg = Debug|Any CPU
		{F0418929-7BBA-400E-A38B-D7F5713A8347}.Debug|Any CPU.Build.0 = Debug|Any CPU
		{F0418929-7BBA-400E-A38B-D7F5713A8347}.Debug|x64.ActiveCfg = Debug|Any CPU
		{F0418929-7BBA-400E-A38B-D7F5713A8347}.Debug|x64.Build.0 = Debug|Any CPU
		{F0418929-7BBA-400E-A38B-D7F5713A8347}.Debug|x86.ActiveCfg = Debug|Any CPU
		{F0418929-7BBA-400E-A38B-D7F5713A8347}.Debug|x86.Build.0 = Debug|Any CPU
		{F0418929-7BBA-400E-A38B-D7F5713A8347}.Release|Any CPU.ActiveCfg = Release|Any CPU
		{F0418929-7BBA-400E-A38B-D7F5713A8347}.Release|Any CPU.Build.0 = Release|Any CPU
		{F0418929-7BBA-400E-A38B-D7F5713A8347}.Release|x64.ActiveCfg = Release|Any CPU
		{F0418929-7BBA-400E-A38B-D7F5713A8347}.Release|x64.Build.0 = Release|Any CPU
		{F0418929-7BBA-400E-A38B-D7F5713A8347}.Release|x86.ActiveCfg = Release|Any CPU
		{F0418929-7BBA-400E-A38B-D7F5713A8347}.Release|x86.Build.0 = Release|Any CPU
	EndGlobalSection
	GlobalSection(SolutionProperties) = preSolution
		HideSolutionNode = FALSE
	EndGlobalSection
	GlobalSection(NestedProjects) = preSolution
		{82BAA4BF-118D-4623-A6B8-683D29CC57B0} = {827E0CD3-B72D-47B6-A68D-7590B98EB39B}
		{EDB8E84C-2F5C-4FCB-9BF9-ED4B8447D9AA} = {0AB3BF05-4346-4AA6-1389-037BE0695223}
		{8AE2D950-AB38-4EDE-9834-9DA3C36B9249} = {0AB3BF05-4346-4AA6-1389-037BE0695223}
		{29FDAA12-642A-4DBE-9268-123852B4FCBC} = {827E0CD3-B72D-47B6-A68D-7590B98EB39B}
		{1A76E3B2-5DDC-4282-A9F1-D7835E35A06B} = {0AB3BF05-4346-4AA6-1389-037BE0695223}
		{5C2DD868-6349-4156-A8D4-0E533C6A1C02} = {827E0CD3-B72D-47B6-A68D-7590B98EB39B}
		{0A170C95-38A5-43A1-A429-CA4B04E3B69A} = {0AB3BF05-4346-4AA6-1389-037BE0695223}
		{339B258C-F035-47C3-9A2A-C2B691322874} = {827E0CD3-B72D-47B6-A68D-7590B98EB39B}
		{6FA52180-FA8A-4308-8CD8-0AAF8C402CAF} = {0AB3BF05-4346-4AA6-1389-037BE0695223}
		{DEAB3905-5211-461A-9DC8-28C7D1620041} = {827E0CD3-B72D-47B6-A68D-7590B98EB39B}
		{F0418929-7BBA-400E-A38B-D7F5713A8347} = {0AB3BF05-4346-4AA6-1389-037BE0695223}
	EndGlobalSection
EndGlobal
