
Microsoft Visual Studio Solution File, Format Version 12.00
# Visual Studio Version 17
VisualStudioVersion = 17.0.31903.59
MinimumVisualStudioVersion = 10.0.40219.1
Project("{FAE04EC0-301F-11D3-BF4B-00C04F79EFBC}") = "Goose2ClientGodot", "Goose2ClientGodot.csproj", "{0B3F9448-53A6-4D7D-8CAC-493FA168A852}"
EndProject
Project("{2150E333-8FDC-42A3-9474-1A3956D46DE8}") = "src", "src", "{827E0CD3-B72D-47B6-A68D-7590B98EB39B}"
EndProject
Project("{FAE04EC0-301F-11D3-BF4B-00C04F79EFBC}") = "MapEditor.Core", "src\MapEditor.Core\MapEditor.Core.csproj", "{82BAA4BF-118D-4623-A6B8-683D29CC57B0}"
EndProject
Project("{2150E333-8FDC-42A3-9474-1A3956D46DE8}") = "tests", "tests", "{0AB3BF05-4346-4AA6-1389-037BE0695223}"
EndProject
Project("{FAE04EC0-301F-11D3-BF4B-00C04F79EFBC}") = "MapEditor.Core.Tests", "tests\MapEditor.Core.Tests\MapEditor.Core.Tests.csproj", "{EDB8E84C-2F5C-4FCB-9BF9-ED4B8447D9AA}"
EndProject
Project("{FAE04EC0-301F-11D3-BF4B-00C04F79EFBC}") = "Goose2Client.Tests", "tests\Goose2Client.Tests\Goose2Client.Tests.csproj", "{8AE2D950-AB38-4EDE-9834-9DA3C36B9249}"
EndProject
Global
	GlobalSection(SolutionConfigurationPlatforms) = preSolution
		Debug|Any CPU = Debug|Any CPU
		Debug|x64 = Debug|x64
		Debug|x86 = Debug|x86
		Release|Any CPU = Release|Any CPU
		Release|x64 = Release|x64
		Release|x86 = Release|x86
	EndGlobalSection
	GlobalSection(ProjectConfigurationPlatforms) = postSolution
		{0B3F9448-53A6-4D7D-8CAC-493FA168A852}.Debug|Any CPU.ActiveCfg = Debug|Any CPU
		{0B3F9448-53A6-4D7D-8CAC-493FA168A852}.Debug|Any CPU.Build.0 = Debug|Any CPU
		{0B3F9448-53A6-4D7D-8CAC-493FA168A852}.Debug|x64.ActiveCfg = Debug|Any CPU
		{0B3F9448-53A6-4D7D-8CAC-493FA168A852}.Debug|x64.Build.0 = Debug|Any CPU
		{0B3F9448-53A6-4D7D-8CAC-493FA168A852}.Debug|x86.ActiveCfg = Debug|Any CPU
		{0B3F9448-53A6-4D7D-8CAC-493FA168A852}.Debug|x86.Build.0 = Debug|Any CPU
		{0B3F9448-53A6-4D7D-8CAC-493FA168A852}.Release|Any CPU.ActiveCfg = Release|Any CPU
		{0B3F9448-53A6-4D7D-8CAC-493FA168A852}.Release|Any CPU.Build.0 = Release|Any CPU
		{0B3F9448-53A6-4D7D-8CAC-493FA168A852}.Release|x64.ActiveCfg = Release|Any CPU
		{0B3F9448-53A6-4D7D-8CAC-493FA168A852}.Release|x64.Build.0 = Release|Any CPU
		{0B3F9448-53A6-4D7D-8CAC-493FA168A852}.Release|x86.ActiveCfg = Release|Any CPU
		{0B3F9448-53A6-4D7D-8CAC-493FA168A852}.Release|x86.Build.0 = Release|Any CPU
		{82BAA4BF-118D-4623-A6B8-683D29CC57B0}.Debug|Any CPU.ActiveCfg = Debug|Any CPU
		{82BAA4BF-118D-4623-A6B8-683D29CC57B0}.Debug|Any CPU.Build.0 = Debug|Any CPU
		{82BAA4BF-118D-4623-A6B8-683D29CC57B0}.Debug|x64.ActiveCfg = Debug|Any CPU
		{82BAA4BF-118D-4623-A6B8-683D29CC57B0}.Debug|x64.Build.0 = Debug|Any CPU
		{82BAA4BF-118D-4623-A6B8-683D29CC57B0}.Debug|x86.ActiveCfg = Debug|Any CPU
		{82BAA4BF-118D-4623-A6B8-683D29CC57B0}.Debug|x86.Build.0 = Debug|Any CPU
		{82BAA4BF-118D-4623-A6B8-683D29CC57B0}.Release|Any CPU.ActiveCfg = Release|Any CPU
		{82BAA4BF-118D-4623-A6B8-683D29CC57B0}.Release|Any CPU.Build.0 = Release|Any CPU
		{82BAA4BF-118D-4623-A6B8-683D29CC57B0}.Release|x64.ActiveCfg = Release|Any CPU
		{82BAA4BF-118D-4623-A6B8-683D29CC57B0}.Release|x64.Build.0 = Release|Any CPU
		{82BAA4BF-118D-4623-A6B8-683D29CC57B0}.Release|x86.ActiveCfg = Release|Any CPU
		{82BAA4BF-118D-4623-A6B8-683D29CC57B0}.Release|x86.Build.0 = Release|Any CPU
		{EDB8E84C-2F5C-4FCB-9BF9-ED4B8447D9AA}.Debug|Any CPU.ActiveCfg = Debug|Any CPU
		{EDB8E84C-2F5C-4FCB-9BF9-ED4B8447D9AA}.Debug|Any CPU.Build.0 = Debug|Any CPU
		{EDB8E84C-2F5C-4FCB-9BF9-ED4B8447D9AA}.Debug|x64.ActiveCfg = Debug|Any CPU
		{EDB8E84C-2F5C-4FCB-9BF9-ED4B8447D9AA}.Debug|x64.Build.0 = Debug|Any CPU
		{EDB8E84C-2F5C-4FCB-9BF9-ED4B8447D9AA}.Debug|x86.ActiveCfg = Debug|Any CPU
		{EDB8E84C-2F5C-4FCB-9BF9-ED4B8447D9AA}.Debug|x86.Build.0 = Debug|Any CPU
		{EDB8E84C-2F5C-4FCB-9BF9-ED4B8447D9AA}.Release|Any CPU.ActiveCfg = Release|Any CPU
		{EDB8E84C-2F5C-4FCB-9BF9-ED4B8447D9AA}.Release|Any CPU.Build.0 = Release|Any CPU
		{EDB8E84C-2F5C-4FCB-9BF9-ED4B8447D9AA}.Release|x64.ActiveCfg = Release|Any CPU
		{EDB8E84C-2F5C-4FCB-9BF9-ED4B8447D9AA}.Release|x64.Build.0 = Release|Any CPU
		{EDB8E84C-2F5C-4FCB-9BF9-ED4B8447D9AA}.Release|x86.ActiveCfg = Release|Any CPU
		{EDB8E84C-2F5C-4FCB-9BF9-ED4B8447D9AA}.Release|x86.Build.0 = Release|Any CPU
		{8AE2D950-AB38-4EDE-9834-9DA3C36B9249}.Debug|Any CPU.ActiveCfg = Debug|Any CPU
		{8AE2D950-AB38-4EDE-9834-9DA3C36B9249}.Debug|Any CPU.Build.0 = Debug|Any CPU
		{8AE2D950-AB38-4EDE-9834-9DA3C36B9249}.Debug|x64.ActiveCfg = Debug|Any CPU
		{8AE2D950-AB38-4EDE-9834-9DA3C36B9249}.Debug|x64.Build.0 = Debug|Any CPU
		{8AE2D950-AB38-4EDE-9834-9DA3C36B9249}.Debug|x86.ActiveCfg = Debug|Any CPU
		{8AE2D950-AB38-4EDE-9834-9DA3C36B9249}.Debug|x86.Build.0 = Debug|Any CPU
		{8AE2D950-AB38-4EDE-9834-9DA3C36B9249}.Release|Any CPU.ActiveCfg = Release|Any CPU
		{8AE2D950-AB38-4EDE-9834-9DA3C36B9249}.Release|Any CPU.Build.0 = Release|Any CPU
		{8AE2D950-AB38-4EDE-9834-9DA3C36B9249}.Release|x64.ActiveCfg = Release|Any CPU
		{8AE2D950-AB38-4EDE-9834-9DA3C36B9249}.Release|x64.Build.0 = Release|Any CPU
		{8AE2D950-AB38-4EDE-9834-9DA3C36B9249}.Release|x86.ActiveCfg = Release|Any CPU
		{8AE2D950-AB38-4EDE-9834-9DA3C36B9249}.Release|x86.Build.0 = Release|Any CPU
	EndGlobalSection
	GlobalSection(SolutionProperties) = preSolution
		HideSolutionNode = FALSE
	EndGlobalSection
	GlobalSection(NestedProjects) = preSolution
		{82BAA4BF-118D-4623-A6B8-683D29CC57B0} = {827E0CD3-B72D-47B6-A68D-7590B98EB39B}
		{EDB8E84C-2F5C-4FCB-9BF9-ED4B8447D9AA} = {0AB3BF05-4346-4AA6-1389-037BE0695223}
		{8AE2D950-AB38-4EDE-9834-9DA3C36B9249} = {0AB3BF05-4346-4AA6-1389-037BE0695223}
	EndGlobalSection
EndGlobal
